
Microsoft Visual Studio Solution File, Format Version 12.00
# Visual Studio 2013
VisualStudioVersion = 12.0.21005.1
MinimumVisualStudioVersion = 10.0.40219.1
Project("{2150E333-8FDC-42A3-9474-1A3956D46DE8}") = "01实体层", "01实体层", "{9C8557A0-4CD9-4D11-95FD-64331B39489D}"
EndProject
Project("{2150E333-8FDC-42A3-9474-1A3956D46DE8}") = "02数据仓储层", "02数据仓储层", "{302603F9-BE07-4C88-9F6E-9B49B482EE7E}"
EndProject
Project("{2150E333-8FDC-42A3-9474-1A3956D46DE8}") = "03业务逻辑层", "03业务逻辑层", "{EC4EB6B7-D868-4E9A-BEB0-5A6E3134807F}"
EndProject
Project("{2150E333-8FDC-42A3-9474-1A3956D46DE8}") = "04公共层", "04公共层", "{5285E3DB-D14C-4259-9C2C-3BC43169360B}"
EndProject
Project("{2150E333-8FDC-42A3-9474-1A3956D46DE8}") = "05UI层", "05UI层", "{3EDC2D82-ADCA-4053-8C04-DD64C797604E}"
EndProject
Project("{FAE04EC0-301F-11D3-BF4B-00C04F79EFBC}") = "UQing.Hr.Model", "UQing.Hr.Model\UQing.Hr.Model.csproj", "{15E3FBD4-57B9-44CF-97D2-8E0F925905C9}"
EndProject
Project("{FAE04EC0-301F-11D3-BF4B-00C04F79EFBC}") = "UQing.Hr.Repository", "UQing.Hr.Repository\UQing.Hr.Repository.csproj", "{F4FE69CB-B010-438F-9B13-E5AE438C56A1}"
EndProject
Project("{FAE04EC0-301F-11D3-BF4B-00C04F79EFBC}") = "UQing.Hr.IRepository", "UQing.Hr.IRepository\UQing.Hr.IRepository.csproj", "{69AF67F0-3AA6-48CB-8401-5665F2429632}"
EndProject
Project("{FAE04EC0-301F-11D3-BF4B-00C04F79EFBC}") = "UQing.Hr.Services", "UQing.Hr.Services\UQing.Hr.Services.csproj", "{AEEFD3AA-0228-493B-9C37-CF611FB0718B}"
EndProject
Project("{FAE04EC0-301F-11D3-BF4B-00C04F79EFBC}") = "UQing.Hr.IServices", "UQing.Hr.IServices\UQing.Hr.IServices.csproj", "{39199578-BC92-4752-A4C3-EDC2709DD948}"
EndProject
Project("{FAE04EC0-301F-11D3-BF4B-00C04F79EFBC}") = "UQing.Hr.Common", "UQing.Hr.Common\UQing.Hr.Common.csproj", "{262F1536-4E14-404D-9544-3AB8732423A8}"
EndProject
Project("{FAE04EC0-301F-11D3-BF4B-00C04F79EFBC}") = "UQing.Hr.EntityMapping", "UQing.Hr.EntityMapping\UQing.Hr.EntityMapping.csproj", "{03BA690D-E887-42C3-8448-2F4E0F1976EA}"
EndProject
Project("{FAE04EC0-301F-11D3-BF4B-00C04F79EFBC}") = "UQing.Hr.Web", "UQing.Hr.Web\UQing.Hr.Web.csproj", "{511C9410-817A-47CE-8299-3069613C660B}"
EndProject
Project("{FAE04EC0-301F-11D3-BF4B-00C04F79EFBC}") = "UQing.Hr.WebHelper", "UQing.Hr.WebHelper\UQing.Hr.WebHelper.csproj", "{2358F635-B4AC-4BB3-8110-9C2030597311}"
EndProject
Global
	GlobalSection(SolutionConfigurationPlatforms) = preSolution
		Debug|Any CPU = Debug|Any CPU
		Release|Any CPU = Release|Any CPU
	EndGlobalSection
	GlobalSection(ProjectConfigurationPlatforms) = postSolution
		{15E3FBD4-57B9-44CF-97D2-8E0F925905C9}.Debug|Any CPU.ActiveCfg = Debug|Any CPU
		{15E3FBD4-57B9-44CF-97D2-8E0F925905C9}.Debug|Any CPU.Build.0 = Debug|Any CPU
		{15E3FBD4-57B9-44CF-97D2-8E0F925905C9}.Release|Any CPU.ActiveCfg = Release|Any CPU
		{15E3FBD4-57B9-44CF-97D2-8E0F925905C9}.Release|Any CPU.Build.0 = Release|Any CPU
		{F4FE69CB-B010-438F-9B13-E5AE438C56A1}.Debug|Any CPU.ActiveCfg = Debug|Any CPU
		{F4FE69CB-B010-438F-9B13-E5AE438C56A1}.Debug|Any CPU.Build.0 = Debug|Any CPU
		{F4FE69CB-B010-438F-9B13-E5AE438C56A1}.Release|Any CPU.ActiveCfg = Release|Any CPU
		{F4FE69CB-B010-438F-9B13-E5AE438C56A1}.Release|Any CPU.Build.0 = Release|Any CPU
		{69AF67F0-3AA6-48CB-8401-5665F2429632}.Debug|Any CPU.ActiveCfg = Debug|Any CPU
		{69AF67F0-3AA6-48CB-8401-5665F2429632}.Debug|Any CPU.Build.0 = Debug|Any CPU
		{69AF67F0-3AA6-48CB-8401-5665F2429632}.Release|Any CPU.ActiveCfg = Release|Any CPU
		{69AF67F0-3AA6-48CB-8401-5665F2429632}.Release|Any CPU.Build.0 = Release|Any CPU
		{AEEFD3AA-0228-493B-9C37-CF611FB0718B}.Debug|Any CPU.ActiveCfg = Debug|Any CPU
		{AEEFD3AA-0228-493B-9C37-CF611FB0718B}.Debug|Any CPU.Build.0 = Debug|Any CPU
		{AEEFD3AA-0228-493B-9C37-CF611FB0718B}.Release|Any CPU.ActiveCfg = Release|Any CPU
		{AEEFD3AA-0228-493B-9C37-CF611FB0718B}.Release|Any CPU.Build.0 = Release|Any CPU
		{39199578-BC92-4752-A4C3-EDC2709DD948}.Debug|Any CPU.ActiveCfg = Debug|Any CPU
		{39199578-BC92-4752-A4C3-EDC2709DD948}.Debug|Any CPU.Build.0 = Debug|Any CPU
		{39199578-BC92-4752-A4C3-EDC2709DD948}.Release|Any CPU.ActiveCfg = Release|Any CPU
		{39199578-BC92-4752-A4C3-EDC2709DD948}.Release|Any CPU.Build.0 = Release|Any CPU
		{262F1536-4E14-404D-9544-3AB8732423A8}.Debug|Any CPU.ActiveCfg = Debug|Any CPU
		{262F1536-4E14-404D-9544-3AB8732423A8}.Debug|Any CPU.Build.0 = Debug|Any CPU
		{262F1536-4E14-404D-9544-3AB8732423A8}.Release|Any CPU.ActiveCfg = Release|Any CPU
		{262F1536-4E14-404D-9544-3AB8732423A8}.Release|Any CPU.Build.0 = Release|Any CPU
		{03BA690D-E887-42C3-8448-2F4E0F1976EA}.Debug|Any CPU.ActiveCfg = Debug|Any CPU
		{03BA690D-E887-42C3-8448-2F4E0F1976EA}.Debug|Any CPU.Build.0 = Debug|Any CPU
		{03BA690D-E887-42C3-8448-2F4E0F1976EA}.Release|Any CPU.ActiveCfg = Release|Any CPU
		{03BA690D-E887-42C3-8448-2F4E0F1976EA}.Release|Any CPU.Build.0 = Release|Any CPU
		{511C9410-817A-47CE-8299-3069613C660B}.Debug|Any CPU.ActiveCfg = Debug|Any CPU
		{511C9410-817A-47CE-8299-3069613C660B}.Debug|Any CPU.Build.0 = Debug|Any CPU
		{511C9410-817A-47CE-8299-3069613C660B}.Release|Any CPU.ActiveCfg = Release|Any CPU
		{511C9410-817A-47CE-8299-3069613C660B}.Release|Any CPU.Build.0 = Release|Any CPU
		{2358F635-B4AC-4BB3-8110-9C2030597311}.Debug|Any CPU.ActiveCfg = Debug|Any CPU
		{2358F635-B4AC-4BB3-8110-9C2030597311}.Debug|Any CPU.Build.0 = Debug|Any CPU
		{2358F635-B4AC-4BB3-8110-9C2030597311}.Release|Any CPU.ActiveCfg = Release|Any CPU
		{2358F635-B4AC-4BB3-8110-9C2030597311}.Release|Any CPU.Build.0 = Release|Any CPU
	EndGlobalSection
	GlobalSection(SolutionProperties) = preSolution
		HideSolutionNode = FALSE
	EndGlobalSection
	GlobalSection(NestedProjects) = preSolution
		{15E3FBD4-57B9-44CF-97D2-8E0F925905C9} = {9C8557A0-4CD9-4D11-95FD-64331B39489D}
		{F4FE69CB-B010-438F-9B13-E5AE438C56A1} = {302603F9-BE07-4C88-9F6E-9B49B482EE7E}
		{69AF67F0-3AA6-48CB-8401-5665F2429632} = {302603F9-BE07-4C88-9F6E-9B49B482EE7E}
		{AEEFD3AA-0228-493B-9C37-CF611FB0718B} = {EC4EB6B7-D868-4E9A-BEB0-5A6E3134807F}
		{39199578-BC92-4752-A4C3-EDC2709DD948} = {EC4EB6B7-D868-4E9A-BEB0-5A6E3134807F}
		{262F1536-4E14-404D-9544-3AB8732423A8} = {5285E3DB-D14C-4259-9C2C-3BC43169360B}
		{03BA690D-E887-42C3-8448-2F4E0F1976EA} = {5285E3DB-D14C-4259-9C2C-3BC43169360B}
		{511C9410-817A-47CE-8299-3069613C660B} = {3EDC2D82-ADCA-4053-8C04-DD64C797604E}
		{2358F635-B4AC-4BB3-8110-9C2030597311} = {3EDC2D82-ADCA-4053-8C04-DD64C797604E}
	EndGlobalSection
EndGlobal
